lockfileVersion: '6.1'

settings:
  autoInstallPeers: true
  excludeLinksFromLockfile: false

dependencies:
  vosk-browser:
    specifier: ^0.0.8
    version: 0.0.8

devDependencies:
  typescript:
    specifier: ^5.2.2
    version: 5.2.2

packages:

  /typescript@5.2.2:
    resolution: {integrity: sha512-mI4WrpHsbCIcwT9cF4FZvr80QUeKvsUsUvKDoR+X/7XHQH98xYD8YHZg7ANtz2GtZt/CBq2QJ0thkGJMHfqc1w==}
    engines: {node: '>=14.17'}
    hasBin: true
    dev: true

  /uuid@9.0.0:
    resolution: {integrity: sha512-MXcSTerfPa4uqyzStbRoTgt5XIe3x5+42+q1sDuy3R5MDk66URdLMOZe5aPX/SQd+kuYAh0FdP/pO28IkQyTeg==}
    hasBin: true
    dev: false

  /vosk-browser@0.0.8:
    resolution: {integrity: sha512-df9MuChirUGKxP/+4k8tBV6hJOic8IRdJXv64+ET0Ue5CddOzLZINiHOWCka765gBzHJWNtQKgaYakS0FXZIJA==}
    dependencies:
      uuid: 9.0.0
    dev: false
